[[package]]
name = "blinker"
version = "1.4"
description = "Fast, simple object-to-object and broadcast signaling"
category = "main"
optional = false
python-versions = "*"

[[package]]
name = "click"
version = "7.1.2"
description = "Composable command line interface toolkit"
category = "main"
optional = false
python-versions = ">=2.7, !=3.0.*, !=3.1.*, !=3.2.*, !=3.3.*, !=3.4.*"

[[package]]
name = "colorama"
version = "0.4.4"
description = "Cross-platform colored terminal text."
category = "main"
optional = false
python-versions = ">=2.7, !=3.0.*, !=3.1.*, !=3.2.*, !=3.3.*, !=3.4.*"

[[package]]
name = "commonmark"
version = "0.9.1"
description = "Python parser for the CommonMark Markdown spec"
category = "main"
optional = false
python-versions = "*"

[package.extras]
test = ["flake8 (==3.7.8)", "hypothesis (==3.55.3)"]

[[package]]
name = "dataclasses"
version = "0.8"
description = "A backport of the dataclasses module for Python 3.6"
category = "main"
optional = false
python-versions = ">=3.6, <3.7"

[[package]]
name = "dependency-injector"
version = "4.38.0"
description = "Dependency injection framework for Python"
category = "main"
optional = false
python-versions = "*"

[package.dependencies]
six = ">=1.7.0,<=1.16.0"

[package.extras]
aiohttp = ["aiohttp"]
flask = ["flask"]
pydantic = ["pydantic"]
yaml = ["pyyaml"]

[[package]]
name = "pydantic"
version = "1.7.4"
description = "Data validation and settings management using python 3.6 type hinting"
category = "main"
optional = false
python-versions = ">=3.6"

[package.dependencies]
dataclasses = {version = ">=0.6", markers = "python_version < \"3.7\""}

[package.extras]
dotenv = ["python-dotenv (>=0.10.4)"]
email = ["email-validator (>=1.0.3)"]
typing_extensions = ["typing-extensions (>=3.7.2)"]

[[package]]
name = "pygments"
version = "2.11.2"
description = "Pygments is a syntax highlighting package written in Python."
category = "main"
optional = false
python-versions = ">=3.5"

[[package]]
name = "pyyaml"
version = "5.4.1"
description = "YAML parser and emitter for Python"
category = "main"
optional = false
python-versions = ">=2.7, !=3.0.*, !=3.1.*, !=3.2.*, !=3.3.*, !=3.4.*, !=3.5.*"

[[package]]
name = "rich"
version = "9.13.0"
description = "Render rich text, tables, progress bars, syntax highlighting, markdown and more to the terminal"
category = "main"
optional = false
python-versions = ">=3.6,<4.0"

[package.dependencies]
colorama = ">=0.4.0,<0.5.0"
commonmark = ">=0.9.0,<0.10.0"
dataclasses = {version = ">=0.7,<0.9", markers = "python_version >= \"3.6\" and python_version < \"3.7\""}
pygments = ">=2.6.0,<3.0.0"
typing-extensions = ">=3.7.4,<4.0.0"

[package.extras]
jupyter = ["ipywidgets (>=7.5.1,<8.0.0)"]

[[package]]
name = "six"
version = "1.16.0"
description = "Python 2 and 3 compatibility utilities"
category = "main"
optional = false
python-versions = ">=2.7, !=3.0.*, !=3.1.*, !=3.2.*"

[[package]]
name = "typer"
version = "0.3.2"
description = "Typer, build great CLIs. Easy to code. Based on Python type hints."
category = "main"
optional = false
python-versions = ">=3.6"

[package.dependencies]
click = ">=7.1.1,<7.2.0"

[package.extras]
test = ["pytest-xdist (>=1.32.0,<2.0.0)", "pytest-sugar (>=0.9.4,<0.10.0)", "mypy (==0.782)", "black (>=19.10b0,<20.0b0)", "isort (>=5.0.6,<6.0.0)", "shellingham (>=1.3.0,<2.0.0)", "pytest (>=4.4.0,<5.4.0)", "pytest-cov (>=2.10.0,<3.0.0)", "coverage (>=5.2,<6.0)"]
all = ["colorama (>=0.4.3,<0.5.0)", "shellingham (>=1.3.0,<2.0.0)"]
dev = ["autoflake (>=1.3.1,<2.0.0)", "flake8 (>=3.8.3,<4.0.0)"]
doc = ["mkdocs (>=1.1.2,<2.0.0)", "mkdocs-material (>=5.4.0,<6.0.0)", "markdown-include (>=0.5.1,<0.6.0)"]

[[package]]
name = "typing-extensions"
version = "3.10.0.2"
description = "Backported and Experimental Type Hints for Python 3.5+"
category = "main"
optional = false
python-versions = "*"

[metadata]
lock-version = "1.1"
python-versions = "^3.6"
content-hash = "37de0d00f8f6ff115d99805dfa9579acbcaf43a1c128b190a4bd20116b720e4e"

[metadata.files]
blinker = [
    {file = "blinker-1.4.tar.gz", hash = "sha256:471aee25f3992bd325afa3772f1063dbdbbca947a041b8b89466dc00d606f8b6"},
]
click = [
    {file = "click-7.1.2-py2.py3-none-any.whl", hash = "sha256:dacca89f4bfadd5de3d7489b7c8a566eee0d3676333fbb50030263894c38c0dc"},
    {file = "click-7.1.2.tar.gz", hash = "sha256:d2b5255c7c6349bc1bd1e59e08cd12acbbd63ce649f2588755783aa94dfb6b1a"},
]
colorama = [
    {file = "colorama-0.4.4-py2.py3-none-any.whl", hash = "sha256:9f47eda37229f68eee03b24b9748937c7dc3868f906e8ba69fbcbdd3bc5dc3e2"},
    {file = "colorama-0.4.4.tar.gz", hash = "sha256:5941b2b48a20143d2267e95b1c2a7603ce057ee39fd88e7329b0c292aa16869b"},
]
commonmark = [
    {file = "commonmark-0.9.1-py2.py3-none-any.whl", hash = "sha256:da2f38c92590f83de410ba1a3cbceafbc74fee9def35f9251ba9a971d6d66fd9"},
    {file = "commonmark-0.9.1.tar.gz", hash = "sha256:452f9dc859be7f06631ddcb328b6919c67984aca654e5fefb3914d54691aed60"},
]
dataclasses = [
    {file = "dataclasses-0.8-py3-none-any.whl", hash = "sha256:0201d89fa866f68c8ebd9d08ee6ff50c0b255f8ec63a71c16fda7af82bb887bf"},
    {file = "dataclasses-0.8.tar.gz", hash = "sha256:8479067f342acf957dc82ec415d355ab5edb7e7646b90dc6e2fd1d96ad084c97"},
]
dependency-injector = [
    {file = "dependency-injector-4.38.0.tar.gz", hash = "sha256:bab4c323d822d3fc9936e8eb3c2f5553d75e9efdadac11d5b293a016e31a1477"},
    {file = "dependency_injector-4.38.0-cp310-cp310-macosx_10_9_x86_64.whl", hash = "sha256:025eb5f97021663715bff8e01feb83d5b2f66fc17ece1042a194f1aae88c0d85"},
    {file = "dependency_injector-4.38.0-cp310-cp310-manylinux_2_17_aarch64.manylinux2014_aarch64.whl", hash = "sha256:f3c61334b196ab767eae43af207764349287d5eb0283d8ed1ab24608121aea35"},
    {file = "dependency_injector-4.38.0-cp310-cp310-manylinux_2_5_i686.manylinux1_i686.manylinux_2_12_i686.manylinux2010_i686.whl", hash = "sha256:9bf4bfc52015e81c4f17647b7bbbe4e4549f041b3c6635b44a9ecede7594932c"},
    {file = "dependency_injector-4.38.0-cp310-cp310-manylinux_2_5_x86_64.manylinux1_x86_64.manylinux_2_12_x86_64.manylinux2010_x86_64.whl", hash = "sha256:7aeba5882b06baf78978f33228e4c44133dada9173e330da68fbccca98520848"},
    {file = "dependency_injector-4.38.0-cp310-cp310-win32.whl", hash = "sha256:445dbf5324eee215a465d7f3b1965b05e199c31caa09e63abf0f02d982791306"},
    {file = "dependency_injector-4.38.0-cp310-cp310-win_amd64.whl", hash = "sha256:880edbcb5d810faa0623112e2e652a7bec73d20ce0708d9db998a0a40b62cbb9"},
    {file = "dependency_injector-4.38.0-cp36-cp36m-macosx_10_9_x86_64.whl", hash = "sha256:cd6f1c130462e7461a43f82fdc0d2ba25b5ef594db823dbd0e57f3d1b7c44f86"},
    {file = "dependency_injector-4.38.0-cp36-cp36m-manylinux_2_17_aarch64.manylinux2014_aarch64.whl", hash = "sha256:0be75905f7513886699d3ff5ed9aca233175c03808fc888da2a53b83af0a5d65"},
    {file = "dependency_injector-4.38.0-cp36-cp36m-manylinux_2_5_i686.manylinux1_i686.manylinux_2_12_i686.manylinux2010_i686.whl", hash = "sha256:8d7f1a7d27de6295ce8b7ca69d1177817bf36c7cbaf73819e4bab04f87c5e962"},
    {file = "dependency_injector-4.38.0-cp36-cp36m-manylinux_2_5_x86_64.manylinux1_x86_64.manylinux_2_12_x86_64.manylinux2010_x86_64.whl", hash = "sha256:e9c1ff387d7b7d814e9d29a531c6804acc67b1cca578c09abd3590fa7ec6bf06"},
    {file = "dependency_injector-4.38.0-cp36-cp36m-win32.whl", hash = "sha256:7770efcbc6915dabbb31ea0bdeee1105dabf76e1c8e31a454cb1983dcf19ecf1"},
    {file = "dependency_injector-4.38.0-cp36-cp36m-win_amd64.whl", hash = "sha256:9e89a9c88317ad237abfb374c410e1466476ffefe6c44f3caeca3dce747a635c"},
    {file = "dependency_injector-4.38.0-cp37-cp37m-macosx_10_9_x86_64.whl", hash = "sha256:cb75cd29c132bfaf03a11a6ac4f459dddb7a6526669543de57d2bb5fddf78def"},
    {file = "dependency_injector-4.38.0-cp37-cp37m-manylinux_2_17_aarch64.manylinux2014_aarch64.whl", hash = "sha256:d116c56e7fc3b59b3afa6078163b5f6ff4680ebf27800dd4032de7a04f7ef777"},
    {file = "dependency_injector-4.38.0-cp37-cp37m-manylinux_2_5_i686.manylinux1_i686.manylinux_2_12_i686.manylinux2010_i686.whl", hash = "sha256:9df330ef9e24b6f94e6764d23180350c2fb99785257233ee4738e066b876fa7f"},
    {file = "dependency_injector-4.38.0-cp37-cp37m-manylinux_2_5_x86_64.manylinux1_x86_64.manylinux_2_12_x86_64.manylinux2010_x86_64.whl", hash = "sha256:7a46639038313f64eca2dc858ac4cd9e0aca5ea21bb005f5d754aadd6446ba4b"},
    {file = "dependency_injector-4.38.0-cp37-cp37m-win32.whl", hash = "sha256:d0d983b269b657744058b5858afc3c59443db53afe9c3e709e316daa9f9b9454"},
    {file = "dependency_injector-4.38.0-cp37-cp37m-win_amd64.whl", hash = "sha256:1446df58169c166a5a2d5644ba9eeb3b7f2f679f260596f78d012c58ff140d92"},
    {file = "dependency_injector-4.38.0-cp38-cp38-macosx_10_9_x86_64.whl", hash = "sha256:307396f2d9d2f532fe92079a56d40af5fc60dacb1d766e3f9cd04c3802a1c251"},
    {file = "dependency_injector-4.38.0-cp38-cp38-manylinux_2_17_aarch64.manylinux2014_aarch64.whl", hash = "sha256:8dd96b6c454ab86648f57f37b895c1c976b1a82b76f835011f607ee8a78ebc0e"},
    {file = "dependency_injector-4.38.0-cp38-cp38-manylinux_2_5_i686.manylinux1_i686.manylinux_2_12_i686.manylinux2010_i686.whl", hash = "sha256:fb44b17e649cabcfd1f370ecfd492ac7a93216776d91954b31598eecb36cdb13"},
    {file = "dependency_injector-4.38.0-cp38-cp38-manylinux_2_5_x86_64.manylinux1_x86_64.manylinux_2_12_x86_64.manylinux2010_x86_64.whl", hash = "sha256:ab8ebe728dd9b3be23c40ca5a5dbe195050d9ad35d42d7e9fdaea816f7134584"},
    {file = "dependency_injector-4.38.0-cp38-cp38-win32.whl", hash = "sha256:1da3bad1452212bab76e87fbf7a71d3675190a1a909f345aaf8bae2fa97b878f"},
    {file = "dependency_injector-4.38.0-cp38-cp38-win_amd64.whl", hash = "sha256:2918776e88de88be0e2be036261180ca0605c8f64ead43d835ce852f16a9efd2"},
    {file = "dependency_injector-4.38.0-cp39-cp39-macosx_10_9_x86_64.whl", hash = "sha256:493be62561218624380d4eca9243a46753444f677217db6292a7b715cf429172"},
    {file = "dependency_injector-4.38.0-cp39-cp39-manylinux_2_17_aarch64.manylinux2014_aarch64.whl", hash = "sha256:0a70511db88f84ac4228b27e37e12ea0e04a9c2a32cae3602b9af9a27c0db992"},
    {file = "dependency_injector-4.38.0-cp39-cp39-manylinux_2_5_i686.manylinux1_i686.manylinux_2_12_i686.manylinux2010_i686.whl", hash = "sha256:5e3e1cfe41a5ada0ff71889563441f538caff0399e41d3ee377b60fa50a858bf"},
    {file = "dependency_injector-4.38.0-cp39-cp39-manylinux_2_5_x86_64.manylinux1_x86_64.manylinux_2_12_x86_64.manylinux2010_x86_64.whl", hash = "sha256:116cc679a2c6d40c6a4f968aefe68535e596e88e96315dbd0d0ad2ff76654e3d"},
    {file = "dependency_injector-4.38.0-cp39-cp39-win32.whl", hash = "sha256:f703c2c161de067ba9893b56743d24fb4c9dbff92eb504bc082c2d2cfeab4c01"},
    {file = "dependency_injector-4.38.0-cp39-cp39-win_amd64.whl", hash = "sha256:6821a864d6405dc0d5f794ac1b10da4a8c7e8731c6a0651a9682a0b76f5a5b3e"},
    {file = "dependency_injector-4.38.0-pp37-pypy37_pp73-macosx_10_9_x86_64.whl", hash = "sha256:6c9e8dc91aa5831bd3a58fec1b94ed8c52f78f601f5ab91135b5ad44325beef7"},
    {file = "dependency_injector-4.38.0-pp37-pypy37_pp73-manylinux_2_17_aarch64.manylinux2014_aarch64.whl", hash = "sha256:2b4eedadef0c84295b70803a79a3ce5a10a59dddd8f306876f6fa6bfc4de8e00"},
    {file = "dependency_injector-4.38.0-pp37-pypy37_pp73-manylinux_2_5_i686.manylinux1_i686.manylinux_2_12_i686.manylinux2010_i686.whl", hash = "sha256:2e88b5d09c80e20d6b3d985cc360f39a81e748667c20f6bc7eee9f4b832176ed"},
    {file = "dependency_injector-4.38.0-pp37-pypy37_pp73-manylinux_2_5_x86_64.manylinux1_x86_64.manylinux_2_12_x86_64.manylinux2010_x86_64.whl", hash = "sha256:b1fcd71ff46e097f4e47917ccdf6aa388b6a6372557f7d9f83db1e879e95f8bb"},
    {file = "dependency_injector-4.38.0-pp37-pypy37_pp73-win_amd64.whl", hash = "sha256:9633d6366282e83a3f21543c5c78299787948333d9fe6649b020cfac93d8b7ca"},
]
pydantic = [
    {file = "pydantic-1.7.4-cp36-cp36m-macosx_10_9_x86_64.whl", hash = "sha256:3c60039e84552442defbcb5d56711ef0e057028ca7bfc559374917408a88d84e"},
    {file = "pydantic-1.7.4-cp36-cp36m-manylinux1_i686.whl", hash = "sha256:6e7e314acb170e143c6f3912f93f2ec80a96aa2009ee681356b7ce20d57e5c62"},
    {file = "pydantic-1.7.4-cp36-cp36m-manylinux2014_i686.whl", hash = "sha256:8ef77cd17b73b5ba46788d040c0e820e49a2d80cfcd66fda3ba8be31094fd146"},
    {file = "pydantic-1.7.4-cp36-cp36m-manylinux2014_x86_64.whl", hash = "sha256:115d8aa6f257a1d469c66b6bfc7aaf04cd87c25095f24542065c68ebcb42fe63"},
    {file = "pydantic-1.7.4-cp36-cp36m-win_amd64.whl", hash = "sha256:66757d4e1eab69a3cfd3114480cc1d72b6dd847c4d30e676ae838c6740fdd146"},
    {file = "pydantic-1.7.4-cp37-cp37m-macosx_10_9_x86_64.whl", hash = "sha256:4c92863263e4bd89e4f9cf1ab70d918170c51bd96305fe7b00853d80660acb26"},
    {file = "pydantic-1.7.4-cp37-cp37m-manylinux1_i686.whl", hash = "sha256:3b8154babf30a5e0fa3aa91f188356763749d9b30f7f211fafb247d4256d7877"},
    {file = "pydantic-1.7.4-cp37-cp37m-manylinux2014_i686.whl", hash = "sha256:80cc46378505f7ff202879dcffe4bfbf776c15675028f6e08d1d10bdfbb168ac"},
    {file = "pydantic-1.7.4-cp37-cp37m-manylinux2014_x86_64.whl", hash = "sha256:dda60d7878a5af2d8560c55c7c47a8908344aa78d32ec1c02d742ede09c534df"},
    {file = "pydantic-1.7.4-cp37-cp37m-win_amd64.whl", hash = "sha256:4c1979d5cc3e14b35f0825caddea5a243dd6085e2a7539c006bc46997ef7a61a"},
    {file = "pydantic-1.7.4-cp38-cp38-macosx_10_9_x86_64.whl", hash = "sha256:8857576600c32aa488f18d30833aa833b54a48e3bab3adb6de97e463af71f8f8"},
    {file = "pydantic-1.7.4-cp38-cp38-manylinux1_i686.whl", hash = "sha256:1f86d4da363badb39426a0ff494bf1d8510cd2f7274f460eee37bdbf2fd495ec"},
    {file = "pydantic-1.7.4-cp38-cp38-manylinux2014_i686.whl", hash = "sha256:3ea1256a9e782149381e8200119f3e2edea7cd6b123f1c79ab4bbefe4d9ba2c9"},
    {file = "pydantic-1.7.4-cp38-cp38-manylinux2014_x86_64.whl", hash = "sha256:e28455b42a0465a7bf2cde5eab530389226ce7dc779de28d17b8377245982b1e"},
    {file = "pydantic-1.7.4-cp38-cp38-win_amd64.whl", hash = "sha256:47c5b1d44934375a3311891cabd450c150a31cf5c22e84aa172967bf186718be"},
    {file = "pydantic-1.7.4-cp39-cp39-macosx_10_9_x86_64.whl", hash = "sha256:00250e5123dd0b123ff72be0e1b69140e0b0b9e404d15be3846b77c6f1b1e387"},
    {file = "pydantic-1.7.4-cp39-cp39-manylinux1_i686.whl", hash = "sha256:d24aa3f7f791a023888976b600f2f389d3713e4f23b7a4c88217d3fce61cdffc"},
    {file = "pydantic-1.7.4-cp39-cp39-manylinux2014_i686.whl", hash = "sha256:2c44a9afd4c4c850885436a4209376857989aaf0853c7b118bb2e628d4b78c4e"},
    {file = "pydantic-1.7.4-cp39-cp39-manylinux2014_x86_64.whl", hash = "sha256:e87edd753da0ca1d44e308a1b1034859ffeab1f4a4492276bff9e1c3230db4fe"},
    {file = "pydantic-1.7.4-cp39-cp39-win_amd64.whl", hash = "sha256:a3026ee105b5360855e500b4abf1a1d0b034d88e75a2d0d66a4c35e60858e15b"},
    {file = "pydantic-1.7.4-py3-none-any.whl", hash = "sha256:a82385c6d5a77e3387e94612e3e34b77e13c39ff1295c26e3ba664e7b98073e2"},
    {file = "pydantic-1.7.4.tar.gz", hash = "sha256:0a1abcbd525fbb52da58c813d54c2ec706c31a91afdb75411a73dd1dec036595"},
]
pygments = [
    {file = "Pygments-2.11.2-py3-none-any.whl", hash = "sha256:44238f1b60a76d78fc8ca0528ee429702aae011c265fe6a8dd8b63049ae41c65"},
    {file = "Pygments-2.11.2.tar.gz", hash = "sha256:4e426f72023d88d03b2fa258de560726ce890ff3b630f88c21cbb8b2503b8c6a"},
]
pyyaml = [
    {file = "PyYAML-5.4.1-cp27-cp27m-macosx_10_9_x86_64.whl", hash = "sha256:3b2b1824fe7112845700f815ff6a489360226a5609b96ec2190a45e62a9fc922"},
    {file = "PyYAML-5.4.1-cp27-cp27m-win32.whl", hash = "sha256:129def1b7c1bf22faffd67b8f3724645203b79d8f4cc81f674654d9902cb4393"},
    {file = "PyYAML-5.4.1-cp27-cp27m-win_amd64.whl", hash = "sha256:4465124ef1b18d9ace298060f4eccc64b0850899ac4ac53294547536533800c8"},
    {file = "PyYAML-5.4.1-cp27-cp27mu-manylinux1_x86_64.whl", hash = "sha256:bb4191dfc9306777bc594117aee052446b3fa88737cd13b7188d0e7aa8162185"},
    {file = "PyYAML-5.4.1-cp36-cp36m-macosx_10_9_x86_64.whl", hash = "sha256:6c78645d400265a062508ae399b60b8c167bf003db364ecb26dcab2bda048253"},
    {file = "PyYAML-5.4.1-cp36-cp36m-manylinux1_x86_64.whl", hash = "sha256:4e0583d24c881e14342eaf4ec5fbc97f934b999a6828693a99157fde912540cc"},
    {file = "PyYAML-5.4.1-cp36-cp36m-manylinux2014_aarch64.whl", hash = "sha256:72a01f726a9c7851ca9bfad6fd09ca4e090a023c00945ea05ba1638c09dc3347"},
    {file = "PyYAML-5.4.1-cp36-cp36m-manylinux2014_s390x.whl", hash = "sha256:895f61ef02e8fed38159bb70f7e100e00f471eae2bc838cd0f4ebb21e28f8541"},
    {file = "PyYAML-5.4.1-cp36-cp36m-win32.whl", hash = "sha256:3bd0e463264cf257d1ffd2e40223b197271046d09dadf73a0fe82b9c1fc385a5"},
    {file = "PyYAML-5.4.1-cp36-cp36m-win_amd64.whl", hash = "sha256:e4fac90784481d221a8e4b1162afa7c47ed953be40d31ab4629ae917510051df"},
    {file = "PyYAML-5.4.1-cp37-cp37m-macosx_10_9_x86_64.whl", hash = "sha256:5accb17103e43963b80e6f837831f38d314a0495500067cb25afab2e8d7a4018"},
    {file = "PyYAML-5.4.1-cp37-cp37m-manylinux1_x86_64.whl", hash = "sha256:e1d4970ea66be07ae37a3c2e48b5ec63f7ba6804bdddfdbd3cfd954d25a82e63"},
    {file = "PyYAML-5.4.1-cp37-cp37m-manylinux2014_aarch64.whl", hash = "sha256:cb333c16912324fd5f769fff6bc5de372e9e7a202247b48870bc251ed40239aa"},
    {file = "PyYAML-5.4.1-cp37-cp37m-manylinux2014_s390x.whl", hash = "sha256:fe69978f3f768926cfa37b867e3843918e012cf83f680806599ddce33c2c68b0"},
    {file = "PyYAML-5.4.1-cp37-cp37m-win32.whl", hash = "sha256:dd5de0646207f053eb0d6c74ae45ba98c3395a571a2891858e87df7c9b9bd51b"},
    {file = "PyYAML-5.4.1-cp37-cp37m-win_amd64.whl", hash = "sha256:08682f6b72c722394747bddaf0aa62277e02557c0fd1c42cb853016a38f8dedf"},
    {file = "PyYAML-5.4.1-cp38-cp38-macosx_10_9_x86_64.whl", hash = "sha256:d2d9808ea7b4af864f35ea216be506ecec180628aced0704e34aca0b040ffe46"},
    {file = "PyYAML-5.4.1-cp38-cp38-manylinux1_x86_64.whl", hash = "sha256:8c1be557ee92a20f184922c7b6424e8ab6691788e6d86137c5d93c1a6ec1b8fb"},
    {file = "PyYAML-5.4.1-cp38-cp38-manylinux2014_aarch64.whl", hash = "sha256:fd7f6999a8070df521b6384004ef42833b9bd62cfee11a09bda1079b4b704247"},
    {file = "PyYAML-5.4.1-cp38-cp38-manylinux2014_s390x.whl", hash = "sha256:bfb51918d4ff3d77c1c856a9699f8492c612cde32fd3bcd344af9be34999bfdc"},
    {file = "PyYAML-5.4.1-cp38-cp38-win32.whl", hash = "sha256:fa5ae20527d8e831e8230cbffd9f8fe952815b2b7dae6ffec25318803a7528fc"},
    {file = "PyYAML-5.4.1-cp38-cp38-win_amd64.whl", hash = "sha256:0f5f5786c0e09baddcd8b4b45f20a7b5d61a7e7e99846e3c799b05c7c53fa696"},
    {file = "PyYAML-5.4.1-cp39-cp39-macosx_10_9_x86_64.whl", hash = "sha256:294db365efa064d00b8d1ef65d8ea2c3426ac366c0c4368d930bf1c5fb497f77"},
    {file = "PyYAML-5.4.1-cp39-cp39-manylinux1_x86_64.whl", hash = "sha256:74c1485f7707cf707a7aef42ef6322b8f97921bd89be2ab6317fd782c2d53183"},
    {file = "PyYAML-5.4.1-cp39-cp39-manylinux2014_aarch64.whl", hash = "sha256:d483ad4e639292c90170eb6f7783ad19490e7a8defb3e46f97dfe4bacae89122"},
    {file = "PyYAML-5.4.1-cp39-cp39-manylinux2014_s390x.whl", hash = "sha256:fdc842473cd33f45ff6bce46aea678a54e3d21f1b61a7750ce3c498eedfe25d6"},
    {file = "PyYAML-5.4.1-cp39-cp39-win32.whl", hash = "sha256:49d4cdd9065b9b6e206d0595fee27a96b5dd22618e7520c33204a4a3239d5b10"},
    {file = "PyYAML-5.4.1-cp39-cp39-win_amd64.whl", hash = "sha256:c20cfa2d49991c8b4147af39859b167664f2ad4561704ee74c1de03318e898db"},
    {file = "PyYAML-5.4.1.tar.gz", hash = "sha256:607774cbba28732bfa802b54baa7484215f530991055bb562efbed5b2f20a45e"},
]
rich = [
    {file = "rich-9.13.0-py3-none-any.whl", hash = "sha256:9004f6449c89abadf689dad6f92393e760b8c3a8a8c4ea6d8d474066307c0e66"},
    {file = "rich-9.13.0.tar.gz", hash = "sha256:d59e94a0e3e686f0d268fe5c7060baa1bd6744abca71b45351f5850a3aaa6764"},
]
six = [
    {file = "six-1.16.0-py2.py3-none-any.whl", hash = "sha256:8abb2f1d86890a2dfb989f9a77cfcfd3e47c2a354b01111771326f8aa26e0254"},
    {file = "six-1.16.0.tar.gz", hash = "sha256:1e61c37477a1626458e36f7b1d82aa5c9b094fa4802892072e49de9c60c4c926"},
]
typer = [
    {file = "typer-0.3.2-py3-none-any.whl", hash = "sha256:ba58b920ce851b12a2d790143009fa00ac1d05b3ff3257061ff69dbdfc3d161b"},
    {file = "typer-0.3.2.tar.gz", hash = "sha256:5455d750122cff96745b0dec87368f56d023725a7ebc9d2e54dd23dc86816303"},
]
typing-extensions = [
    {file = "typing_extensions-3.10.0.2-py2-none-any.whl", hash = "sha256:d8226d10bc02a29bcc81df19a26e56a9647f8b0a6d4a83924139f4a8b01f17b7"},
    {file = "typing_extensions-3.10.0.2-py3-none-any.whl", hash = "sha256:f1d25edafde516b146ecd0613dabcc61409817af4766fbbcfb8d1ad4ec441a34"},
    {file = "typing_extensions-3.10.0.2.tar.gz", hash = "sha256:49f75d16ff11f1cd258e1b988ccff82a3ca5570217d7ad8c5f48205dd99a677e"},
]
